
Microsoft Visual Studio Solution File, Format Version 12.00
# Visual Studio Version 17
VisualStudioVersion = 17.0.31903.59
MinimumVisualStudioVersion = 10.0.40219.1
Project("{FAE04EC0-301F-11D3-BF4B-00C04F79EFBC}") = "InstallConfigureVSCode", "InstallConfigureVSCode\InstallConfigureVSCode.csproj", "{45725D3E-2946-4888-9594-925EEED078F1}"
EndProject
Project("{FAE04EC0-301F-11D3-BF4B-00C04F79EFBC}") = "CSharpCallMethods", "CSharpCallMethods\CSharpCallMethods.csproj", "{9D90B548-0F46-4DC2-BD8F-1599875BB012}"
EndProject
Project("{FAE04EC0-301F-11D3-BF4B-00C04F79EFBC}") = "IfStatements", "IfStatements\IfStatements.csproj", "{87E61C74-5380-46D8-8F95-282D71458BC8}"
EndProject
Project("{FAE04EC0-301F-11D3-BF4B-00C04F79EFBC}") = "ArraysForeachStatement", "ArraysForeachStatement\ArraysForeachStatement.csproj", "{1A5C86BF-6182-46F6-AB2B-667404895362}"
EndProject
Project("{FAE04EC0-301F-11D3-BF4B-00C04F79EFBC}") = "CreateReadableCode", "CreateReadableCode\CreateReadableCode.csproj", "{3F65BEDD-CEE9-4EF3-A96D-9A6716ED96B5}"
EndProject
Project("{FAE04EC0-301F-11D3-BF4B-00C04F79EFBC}") = "ProcessArrayData", "ProcessArrayData\ProcessArrayData.csproj", "{7CE94BFF-00F4-45EE-98B9-BB5D3ACC5DAE}"
EndProject
Project("{FAE04EC0-301F-11D3-BF4B-00C04F79EFBC}") = "ProcessArrayData_Challenge", "ProcessArrayData_Challenge\ProcessArrayData_Challenge.csproj", "{83F06502-328E-4D03-9BBB-47EEA693DC2E}"
EndProject
Project("{FAE04EC0-301F-11D3-BF4B-00C04F79EFBC}") = "EvaluateBooleanExpressions", "EvaluateBooleanExpressions\EvaluateBooleanExpressions.csproj", "{47A097C0-CA9F-4E06-8810-F4A30E431FB0}"
EndProject
Project("{FAE04EC0-301F-11D3-BF4B-00C04F79EFBC}") = "VariableScope", "VariableScope\VariableScope.csproj", "{18EF8F2D-E549-49F7-A200-49A993A03736}"
EndProject
Project("{FAE04EC0-301F-11D3-BF4B-00C04F79EFBC}") = "SwitchStatements", "SwitchStatements\SwitchStatements.csproj", "{5269536E-DC37-4A85-908D-13193F786668}"
EndProject
Project("{FAE04EC0-301F-11D3-BF4B-00C04F79EFBC}") = "ForStatement", "ForStatement\ForStatement.csproj", "{A8B25FD4-DA04-4364-BF7C-8F1C078B07CF}"
EndProject
Project("{FAE04EC0-301F-11D3-BF4B-00C04F79EFBC}") = "DoWhileAndWhileStatements", "DoWhileAndWhileStatements\DoWhileAndWhileStatements.csproj", "{447E73F9-DDE6-49D1-A310-57271712F225}"
EndProject
Project("{FAE04EC0-301F-11D3-BF4B-00C04F79EFBC}") = "BranchingAndLooping", "BranchingAndLooping\BranchingAndLooping.csproj", "{7755408A-7C24-4126-9745-978110727E6D}"
EndProject
Project("{FAE04EC0-301F-11D3-BF4B-00C04F79EFBC}") = "BranchingAndLooping_Challenge", "BranchingAndLooping_Challenge\BranchingAndLooping_Challenge.csproj", "{620651EF-0FDC-49D2-A2B8-386A7DE6304D}"
EndProject
Project("{FAE04EC0-301F-11D3-BF4B-00C04F79EFBC}") = "ChooseCorrectDataType", "ChooseCorrectDataType\ChooseCorrectDataType.csproj", "{C769F7D8-EBFE-4353-9C3B-E3F6FB1F244E}"
EndProject
Project("{FAE04EC0-301F-11D3-BF4B-00C04F79EFBC}") = "ConvertDataTypes", "ConvertDataTypes\ConvertDataTypes.csproj", "{2FD92BE0-D75E-4FC1-BE70-615BE313A81C}"
EndProject
Project("{FAE04EC0-301F-11D3-BF4B-00C04F79EFBC}") = "OperationsOnArray", "OperationsOnArray\OperationsOnArray.csproj", "{F122A2AD-27A8-4307-89EA-218813BCB046}"
EndProject
Project("{FAE04EC0-301F-11D3-BF4B-00C04F79EFBC}") = "FormatAlphanumericData", "FormatAlphanumericData\FormatAlphanumericData.csproj", "{61EB6707-7CD7-4F90-875A-931605B03BF7}"
EndProject
Project("{FAE04EC0-301F-11D3-BF4B-00C04F79EFBC}") = "StringDataTypeMethods", "StringDataTypeMethods\StringDataTypeMethods.csproj", "{235ECAE6-C148-4327-B254-5A8845BBAAE5}"
EndProject
Project("{FAE04EC0-301F-11D3-BF4B-00C04F79EFBC}") = "WorkWithVariableData", "WorkWithVariableData\WorkWithVariableData.csproj", "{2032C952-1C49-430C-8790-2E1F7F548340}"
EndProject
Global
	GlobalSection(SolutionConfigurationPlatforms) = preSolution
		Debug|Any CPU = Debug|Any CPU
		Release|Any CPU = Release|Any CPU
	EndGlobalSection
	GlobalSection(SolutionProperties) = preSolution
		HideSolutionNode = FALSE
	EndGlobalSection
	GlobalSection(ProjectConfigurationPlatforms) = postSolution
		{45725D3E-2946-4888-9594-925EEED078F1}.Debug|Any CPU.ActiveCfg = Debug|Any CPU
		{45725D3E-2946-4888-9594-925EEED078F1}.Debug|Any CPU.Build.0 = Debug|Any CPU
		{45725D3E-2946-4888-9594-925EEED078F1}.Release|Any CPU.ActiveCfg = Release|Any CPU
		{45725D3E-2946-4888-9594-925EEED078F1}.Release|Any CPU.Build.0 = Release|Any CPU
		{9D90B548-0F46-4DC2-BD8F-1599875BB012}.Debug|Any CPU.ActiveCfg = Debug|Any CPU
		{9D90B548-0F46-4DC2-BD8F-1599875BB012}.Debug|Any CPU.Build.0 = Debug|Any CPU
		{9D90B548-0F46-4DC2-BD8F-1599875BB012}.Release|Any CPU.ActiveCfg = Release|Any CPU
		{9D90B548-0F46-4DC2-BD8F-1599875BB012}.Release|Any CPU.Build.0 = Release|Any CPU
		{87E61C74-5380-46D8-8F95-282D71458BC8}.Debug|Any CPU.ActiveCfg = Debug|Any CPU
		{87E61C74-5380-46D8-8F95-282D71458BC8}.Debug|Any CPU.Build.0 = Debug|Any CPU
		{87E61C74-5380-46D8-8F95-282D71458BC8}.Release|Any CPU.ActiveCfg = Release|Any CPU
		{87E61C74-5380-46D8-8F95-282D71458BC8}.Release|Any CPU.Build.0 = Release|Any CPU
		{1A5C86BF-6182-46F6-AB2B-667404895362}.Debug|Any CPU.ActiveCfg = Debug|Any CPU
		{1A5C86BF-6182-46F6-AB2B-667404895362}.Debug|Any CPU.Build.0 = Debug|Any CPU
		{1A5C86BF-6182-46F6-AB2B-667404895362}.Release|Any CPU.ActiveCfg = Release|Any CPU
		{1A5C86BF-6182-46F6-AB2B-667404895362}.Release|Any CPU.Build.0 = Release|Any CPU
		{3F65BEDD-CEE9-4EF3-A96D-9A6716ED96B5}.Debug|Any CPU.ActiveCfg = Debug|Any CPU
		{3F65BEDD-CEE9-4EF3-A96D-9A6716ED96B5}.Debug|Any CPU.Build.0 = Debug|Any CPU
		{3F65BEDD-CEE9-4EF3-A96D-9A6716ED96B5}.Release|Any CPU.ActiveCfg = Release|Any CPU
		{3F65BEDD-CEE9-4EF3-A96D-9A6716ED96B5}.Release|Any CPU.Build.0 = Release|Any CPU
		{7CE94BFF-00F4-45EE-98B9-BB5D3ACC5DAE}.Debug|Any CPU.ActiveCfg = Debug|Any CPU
		{7CE94BFF-00F4-45EE-98B9-BB5D3ACC5DAE}.Debug|Any CPU.Build.0 = Debug|Any CPU
		{7CE94BFF-00F4-45EE-98B9-BB5D3ACC5DAE}.Release|Any CPU.ActiveCfg = Release|Any CPU
		{7CE94BFF-00F4-45EE-98B9-BB5D3ACC5DAE}.Release|Any CPU.Build.0 = Release|Any CPU
		{83F06502-328E-4D03-9BBB-47EEA693DC2E}.Debug|Any CPU.ActiveCfg = Debug|Any CPU
		{83F06502-328E-4D03-9BBB-47EEA693DC2E}.Debug|Any CPU.Build.0 = Debug|Any CPU
		{83F06502-328E-4D03-9BBB-47EEA693DC2E}.Release|Any CPU.ActiveCfg = Release|Any CPU
		{83F06502-328E-4D03-9BBB-47EEA693DC2E}.Release|Any CPU.Build.0 = Release|Any CPU
		{47A097C0-CA9F-4E06-8810-F4A30E431FB0}.Debug|Any CPU.ActiveCfg = Debug|Any CPU
		{47A097C0-CA9F-4E06-8810-F4A30E431FB0}.Debug|Any CPU.Build.0 = Debug|Any CPU
		{47A097C0-CA9F-4E06-8810-F4A30E431FB0}.Release|Any CPU.ActiveCfg = Release|Any CPU
		{47A097C0-CA9F-4E06-8810-F4A30E431FB0}.Release|Any CPU.Build.0 = Release|Any CPU
		{18EF8F2D-E549-49F7-A200-49A993A03736}.Debug|Any CPU.ActiveCfg = Debug|Any CPU
		{18EF8F2D-E549-49F7-A200-49A993A03736}.Debug|Any CPU.Build.0 = Debug|Any CPU
		{18EF8F2D-E549-49F7-A200-49A993A03736}.Release|Any CPU.ActiveCfg = Release|Any CPU
		{18EF8F2D-E549-49F7-A200-49A993A03736}.Release|Any CPU.Build.0 = Release|Any CPU
		{5269536E-DC37-4A85-908D-13193F786668}.Debug|Any CPU.ActiveCfg = Debug|Any CPU
		{5269536E-DC37-4A85-908D-13193F786668}.Debug|Any CPU.Build.0 = Debug|Any CPU
		{5269536E-DC37-4A85-908D-13193F786668}.Release|Any CPU.ActiveCfg = Release|Any CPU
		{5269536E-DC37-4A85-908D-13193F786668}.Release|Any CPU.Build.0 = Release|Any CPU
		{A8B25FD4-DA04-4364-BF7C-8F1C078B07CF}.Debug|Any CPU.ActiveCfg = Debug|Any CPU
		{A8B25FD4-DA04-4364-BF7C-8F1C078B07CF}.Debug|Any CPU.Build.0 = Debug|Any CPU
		{A8B25FD4-DA04-4364-BF7C-8F1C078B07CF}.Release|Any CPU.ActiveCfg = Release|Any CPU
		{A8B25FD4-DA04-4364-BF7C-8F1C078B07CF}.Release|Any CPU.Build.0 = Release|Any CPU
		{447E73F9-DDE6-49D1-A310-57271712F225}.Debug|Any CPU.ActiveCfg = Debug|Any CPU
		{447E73F9-DDE6-49D1-A310-57271712F225}.Debug|Any CPU.Build.0 = Debug|Any CPU
		{447E73F9-DDE6-49D1-A310-57271712F225}.Release|Any CPU.ActiveCfg = Release|Any CPU
		{447E73F9-DDE6-49D1-A310-57271712F225}.Release|Any CPU.Build.0 = Release|Any CPU
		{7755408A-7C24-4126-9745-978110727E6D}.Debug|Any CPU.ActiveCfg = Debug|Any CPU
		{7755408A-7C24-4126-9745-978110727E6D}.Debug|Any CPU.Build.0 = Debug|Any CPU
		{7755408A-7C24-4126-9745-978110727E6D}.Release|Any CPU.ActiveCfg = Release|Any CPU
		{7755408A-7C24-4126-9745-978110727E6D}.Release|Any CPU.Build.0 = Release|Any CPU
		{620651EF-0FDC-49D2-A2B8-386A7DE6304D}.Debug|Any CPU.ActiveCfg = Debug|Any CPU
		{620651EF-0FDC-49D2-A2B8-386A7DE6304D}.Debug|Any CPU.Build.0 = Debug|Any CPU
		{620651EF-0FDC-49D2-A2B8-386A7DE6304D}.Release|Any CPU.ActiveCfg = Release|Any CPU
		{620651EF-0FDC-49D2-A2B8-386A7DE6304D}.Release|Any CPU.Build.0 = Release|Any CPU
		{C769F7D8-EBFE-4353-9C3B-E3F6FB1F244E}.Debug|Any CPU.ActiveCfg = Debug|Any CPU
		{C769F7D8-EBFE-4353-9C3B-E3F6FB1F244E}.Debug|Any CPU.Build.0 = Debug|Any CPU
		{C769F7D8-EBFE-4353-9C3B-E3F6FB1F244E}.Release|Any CPU.ActiveCfg = Release|Any CPU
		{C769F7D8-EBFE-4353-9C3B-E3F6FB1F244E}.Release|Any CPU.Build.0 = Release|Any CPU
		{2FD92BE0-D75E-4FC1-BE70-615BE313A81C}.Debug|Any CPU.ActiveCfg = Debug|Any CPU
		{2FD92BE0-D75E-4FC1-BE70-615BE313A81C}.Debug|Any CPU.Build.0 = Debug|Any CPU
		{2FD92BE0-D75E-4FC1-BE70-615BE313A81C}.Release|Any CPU.ActiveCfg = Release|Any CPU
		{2FD92BE0-D75E-4FC1-BE70-615BE313A81C}.Release|Any CPU.Build.0 = Release|Any CPU
		{F122A2AD-27A8-4307-89EA-218813BCB046}.Debug|Any CPU.ActiveCfg = Debug|Any CPU
		{F122A2AD-27A8-4307-89EA-218813BCB046}.Debug|Any CPU.Build.0 = Debug|Any CPU
		{F122A2AD-27A8-4307-89EA-218813BCB046}.Release|Any CPU.ActiveCfg = Release|Any CPU
		{F122A2AD-27A8-4307-89EA-218813BCB046}.Release|Any CPU.Build.0 = Release|Any CPU
		{61EB6707-7CD7-4F90-875A-931605B03BF7}.Debug|Any CPU.ActiveCfg = Debug|Any CPU
		{61EB6707-7CD7-4F90-875A-931605B03BF7}.Debug|Any CPU.Build.0 = Debug|Any CPU
		{61EB6707-7CD7-4F90-875A-931605B03BF7}.Release|Any CPU.ActiveCfg = Release|Any CPU
		{61EB6707-7CD7-4F90-875A-931605B03BF7}.Release|Any CPU.Build.0 = Release|Any CPU
		{235ECAE6-C148-4327-B254-5A8845BBAAE5}.Debug|Any CPU.ActiveCfg = Debug|Any CPU
		{235ECAE6-C148-4327-B254-5A8845BBAAE5}.Debug|Any CPU.Build.0 = Debug|Any CPU
		{235ECAE6-C148-4327-B254-5A8845BBAAE5}.Release|Any CPU.ActiveCfg = Release|Any CPU
		{235ECAE6-C148-4327-B254-5A8845BBAAE5}.Release|Any CPU.Build.0 = Release|Any CPU
		{2032C952-1C49-430C-8790-2E1F7F548340}.Debug|Any CPU.ActiveCfg = Debug|Any CPU
		{2032C952-1C49-430C-8790-2E1F7F548340}.Debug|Any CPU.Build.0 = Debug|Any CPU
		{2032C952-1C49-430C-8790-2E1F7F548340}.Release|Any CPU.ActiveCfg = Release|Any CPU
		{2032C952-1C49-430C-8790-2E1F7F548340}.Release|Any CPU.Build.0 = Release|Any CPU
	EndGlobalSection
EndGlobal
