
Microsoft Visual Studio Solution File, Format Version 12.00
# Visual Studio Version 17
VisualStudioVersion = 17.0.31903.59
MinimumVisualStudioVersion = 10.0.40219.1
Project("{FAE04EC0-301F-11D3-BF4B-00C04F79EFBC}") = "InstallConfigureVSCode", "InstallConfigureVSCode\InstallConfigureVSCode.csproj", "{45725D3E-2946-4888-9594-925EEED078F1}"
EndProject
Project("{FAE04EC0-301F-11D3-BF4B-00C04F79EFBC}") = "CSharpCallMethods", "CSharpCallMethods\CSharpCallMethods.csproj", "{9D90B548-0F46-4DC2-BD8F-1599875BB012}"
EndProject
Project("{FAE04EC0-301F-11D3-BF4B-00C04F79EFBC}") = "IfStatements", "IfStatements\IfStatements.csproj", "{87E61C74-5380-46D8-8F95-282D71458BC8}"
EndProject
Project("{FAE04EC0-301F-11D3-BF4B-00C04F79EFBC}") = "ArraysForeachStatement", "ArraysForeachStatement\ArraysForeachStatement.csproj", "{1A5C86BF-6182-46F6-AB2B-667404895362}"
EndProject
Project("{FAE04EC0-301F-11D3-BF4B-00C04F79EFBC}") = "CreateReadableCode", "CreateReadableCode\CreateReadableCode.csproj", "{3F65BEDD-CEE9-4EF3-A96D-9A6716ED96B5}"
EndProject
Project("{FAE04EC0-301F-11D3-BF4B-00C04F79EFBC}") = "ProcessArrayData", "ProcessArrayData\ProcessArrayData.csproj", "{7CE94BFF-00F4-45EE-98B9-BB5D3ACC5DAE}"
EndProject
Project("{FAE04EC0-301F-11D3-BF4B-00C04F79EFBC}") = "ProcessArrayData_Challenge", "ProcessArrayData_Challenge\ProcessArrayData_Challenge.csproj", "{83F06502-328E-4D03-9BBB-47EEA693DC2E}"
EndProject
Project("{FAE04EC0-301F-11D3-BF4B-00C04F79EFBC}") = "EvaluateBooleanExpressions", "EvaluateBooleanExpressions\EvaluateBooleanExpressions.csproj", "{47A097C0-CA9F-4E06-8810-F4A30E431FB0}"
EndProject
Global
	GlobalSection(SolutionConfigurationPlatforms) = preSolution
		Debug|Any CPU = Debug|Any CPU
		Release|Any CPU = Release|Any CPU
	EndGlobalSection
	GlobalSection(SolutionProperties) = preSolution
		HideSolutionNode = FALSE
	EndGlobalSection
	GlobalSection(ProjectConfigurationPlatforms) = postSolution
		{45725D3E-2946-4888-9594-925EEED078F1}.Debug|Any CPU.ActiveCfg = Debug|Any CPU
		{45725D3E-2946-4888-9594-925EEED078F1}.Debug|Any CPU.Build.0 = Debug|Any CPU
		{45725D3E-2946-4888-9594-925EEED078F1}.Release|Any CPU.ActiveCfg = Release|Any CPU
		{45725D3E-2946-4888-9594-925EEED078F1}.Release|Any CPU.Build.0 = Release|Any CPU
		{9D90B548-0F46-4DC2-BD8F-1599875BB012}.Debug|Any CPU.ActiveCfg = Debug|Any CPU
		{9D90B548-0F46-4DC2-BD8F-1599875BB012}.Debug|Any CPU.Build.0 = Debug|Any CPU
		{9D90B548-0F46-4DC2-BD8F-1599875BB012}.Release|Any CPU.ActiveCfg = Release|Any CPU
		{9D90B548-0F46-4DC2-BD8F-1599875BB012}.Release|Any CPU.Build.0 = Release|Any CPU
		{87E61C74-5380-46D8-8F95-282D71458BC8}.Debug|Any CPU.ActiveCfg = Debug|Any CPU
		{87E61C74-5380-46D8-8F95-282D71458BC8}.Debug|Any CPU.Build.0 = Debug|Any CPU
		{87E61C74-5380-46D8-8F95-282D71458BC8}.Release|Any CPU.ActiveCfg = Release|Any CPU
		{87E61C74-5380-46D8-8F95-282D71458BC8}.Release|Any CPU.Build.0 = Release|Any CPU
		{1A5C86BF-6182-46F6-AB2B-667404895362}.Debug|Any CPU.ActiveCfg = Debug|Any CPU
		{1A5C86BF-6182-46F6-AB2B-667404895362}.Debug|Any CPU.Build.0 = Debug|Any CPU
		{1A5C86BF-6182-46F6-AB2B-667404895362}.Release|Any CPU.ActiveCfg = Release|Any CPU
		{1A5C86BF-6182-46F6-AB2B-667404895362}.Release|Any CPU.Build.0 = Release|Any CPU
		{3F65BEDD-CEE9-4EF3-A96D-9A6716ED96B5}.Debug|Any CPU.ActiveCfg = Debug|Any CPU
		{3F65BEDD-CEE9-4EF3-A96D-9A6716ED96B5}.Debug|Any CPU.Build.0 = Debug|Any CPU
		{3F65BEDD-CEE9-4EF3-A96D-9A6716ED96B5}.Release|Any CPU.ActiveCfg = Release|Any CPU
		{3F65BEDD-CEE9-4EF3-A96D-9A6716ED96B5}.Release|Any CPU.Build.0 = Release|Any CPU
		{7CE94BFF-00F4-45EE-98B9-BB5D3ACC5DAE}.Debug|Any CPU.ActiveCfg = Debug|Any CPU
		{7CE94BFF-00F4-45EE-98B9-BB5D3ACC5DAE}.Debug|Any CPU.Build.0 = Debug|Any CPU
		{7CE94BFF-00F4-45EE-98B9-BB5D3ACC5DAE}.Release|Any CPU.ActiveCfg = Release|Any CPU
		{7CE94BFF-00F4-45EE-98B9-BB5D3ACC5DAE}.Release|Any CPU.Build.0 = Release|Any CPU
		{83F06502-328E-4D03-9BBB-47EEA693DC2E}.Debug|Any CPU.ActiveCfg = Debug|Any CPU
		{83F06502-328E-4D03-9BBB-47EEA693DC2E}.Debug|Any CPU.Build.0 = Debug|Any CPU
		{83F06502-328E-4D03-9BBB-47EEA693DC2E}.Release|Any CPU.ActiveCfg = Release|Any CPU
		{83F06502-328E-4D03-9BBB-47EEA693DC2E}.Release|Any CPU.Build.0 = Release|Any CPU
		{47A097C0-CA9F-4E06-8810-F4A30E431FB0}.Debug|Any CPU.ActiveCfg = Debug|Any CPU
		{47A097C0-CA9F-4E06-8810-F4A30E431FB0}.Debug|Any CPU.Build.0 = Debug|Any CPU
		{47A097C0-CA9F-4E06-8810-F4A30E431FB0}.Release|Any CPU.ActiveCfg = Release|Any CPU
		{47A097C0-CA9F-4E06-8810-F4A30E431FB0}.Release|Any CPU.Build.0 = Release|Any CPU
	EndGlobalSection
EndGlobal
